
Microsoft Visual Studio Solution File, Format Version 12.00
# Visual Studio Version 17
VisualStudioVersion = 17.10.35122.118
MinimumVisualStudioVersion = 10.0.40219.1
Project("{FAE04EC0-301F-11D3-BF4B-00C04F79EFBC}") = "ExceptionHandling", "ExceptionHandling\ExceptionHandling.csproj", "{AA1D49AB-0B42-4E40-8F22-6761C3D56CD6}"
EndProject
Global
	GlobalSection(SolutionConfigurationPlatforms) = preSolution
		Debug|Any CPU = Debug|Any CPU
		Release|Any CPU = Release|Any CPU
	EndGlobalSection
	GlobalSection(ProjectConfigurationPlatforms) = postSolution
		{AA1D49AB-0B42-4E40-8F22-6761C3D56CD6}.Debug|Any CPU.ActiveCfg = Debug|Any CPU
		{AA1D49AB-0B42-4E40-8F22-6761C3D56CD6}.Debug|Any CPU.Build.0 = Debug|Any CPU
		{AA1D49AB-0B42-4E40-8F22-6761C3D56CD6}.Release|Any CPU.ActiveCfg = Release|Any CPU
		{AA1D49AB-0B42-4E40-8F22-6761C3D56CD6}.Release|Any CPU.Build.0 = Release|Any CPU
	EndGlobalSection
	GlobalSection(SolutionProperties) = preSolution
		HideSolutionNode = FALSE
	EndGlobalSection
	GlobalSection(ExtensibilityGlobals) = postSolution
		SolutionGuid = {9A874DB9-090F-403E-B70A-780561D4A993}
	EndGlobalSection
EndGlobal
