
Microsoft Visual Studio Solution File, Format Version 12.00
# Visual Studio Version 17
VisualStudioVersion = 17.10.35122.118
MinimumVisualStudioVersion = 10.0.40219.1
Project("{FAE04EC0-301F-11D3-BF4B-00C04F79EFBC}") = "Loops", "Loops\Loops.csproj", "{94D0DDFD-7C14-451E-A796-7EB9F058D5C7}"
EndProject
Global
	GlobalSection(SolutionConfigurationPlatforms) = preSolution
		Debug|Any CPU = Debug|Any CPU
		Release|Any CPU = Release|Any CPU
	EndGlobalSection
	GlobalSection(ProjectConfigurationPlatforms) = postSolution
		{94D0DDFD-7C14-451E-A796-7EB9F058D5C7}.Debug|Any CPU.ActiveCfg = Debug|Any CPU
		{94D0DDFD-7C14-451E-A796-7EB9F058D5C7}.Debug|Any CPU.Build.0 = Debug|Any CPU
		{94D0DDFD-7C14-451E-A796-7EB9F058D5C7}.Release|Any CPU.ActiveCfg = Release|Any CPU
		{94D0DDFD-7C14-451E-A796-7EB9F058D5C7}.Release|Any CPU.Build.0 = Release|Any CPU
	EndGlobalSection
	GlobalSection(SolutionProperties) = preSolution
		HideSolutionNode = FALSE
	EndGlobalSection
	GlobalSection(ExtensibilityGlobals) = postSolution
		SolutionGuid = {522A4593-F90A-4562-AB52-DE06FD5530FA}
	EndGlobalSection
EndGlobal
