
Microsoft Visual Studio Solution File, Format Version 12.00
# Visual Studio Version 17
VisualStudioVersion = 17.10.35122.118
MinimumVisualStudioVersion = 10.0.40219.1
Project("{FAE04EC0-301F-11D3-BF4B-00C04F79EFBC}") = "Dictionary", "Dictionary\Dictionary.csproj", "{D2F5420C-2C74-4F4B-A518-4C8D8606845B}"
EndProject
Global
	GlobalSection(SolutionConfigurationPlatforms) = preSolution
		Debug|Any CPU = Debug|Any CPU
		Release|Any CPU = Release|Any CPU
	EndGlobalSection
	GlobalSection(ProjectConfigurationPlatforms) = postSolution
		{D2F5420C-2C74-4F4B-A518-4C8D8606845B}.Debug|Any CPU.ActiveCfg = Debug|Any CPU
		{D2F5420C-2C74-4F4B-A518-4C8D8606845B}.Debug|Any CPU.Build.0 = Debug|Any CPU
		{D2F5420C-2C74-4F4B-A518-4C8D8606845B}.Release|Any CPU.ActiveCfg = Release|Any CPU
		{D2F5420C-2C74-4F4B-A518-4C8D8606845B}.Release|Any CPU.Build.0 = Release|Any CPU
	EndGlobalSection
	GlobalSection(SolutionProperties) = preSolution
		HideSolutionNode = FALSE
	EndGlobalSection
	GlobalSection(ExtensibilityGlobals) = postSolution
		SolutionGuid = {44610D7B-52F4-49E8-BF25-9B61CCFE2D7F}
	EndGlobalSection
EndGlobal
