
Microsoft Visual Studio Solution File, Format Version 12.00
# Visual Studio Version 17
VisualStudioVersion = 17.10.35122.118
MinimumVisualStudioVersion = 10.0.40219.1
Project("{FAE04EC0-301F-11D3-BF4B-00C04F79EFBC}") = "Array", "Array\Array.csproj", "{A34016A2-BF29-4C58-970A-54A11DE4D82E}"
EndProject
Global
	GlobalSection(SolutionConfigurationPlatforms) = preSolution
		Debug|Any CPU = Debug|Any CPU
		Release|Any CPU = Release|Any CPU
	EndGlobalSection
	GlobalSection(ProjectConfigurationPlatforms) = postSolution
		{A34016A2-BF29-4C58-970A-54A11DE4D82E}.Debug|Any CPU.ActiveCfg = Debug|Any CPU
		{A34016A2-BF29-4C58-970A-54A11DE4D82E}.Debug|Any CPU.Build.0 = Debug|Any CPU
		{A34016A2-BF29-4C58-970A-54A11DE4D82E}.Release|Any CPU.ActiveCfg = Release|Any CPU
		{A34016A2-BF29-4C58-970A-54A11DE4D82E}.Release|Any CPU.Build.0 = Release|Any CPU
	EndGlobalSection
	GlobalSection(SolutionProperties) = preSolution
		HideSolutionNode = FALSE
	EndGlobalSection
	GlobalSection(ExtensibilityGlobals) = postSolution
		SolutionGuid = {D3C418FF-3F47-4065-A8AF-B052ED057C46}
	EndGlobalSection
EndGlobal
